
Microsoft Visual Studio Solution File, Format Version 12.00
# Visual Studio Version 16
VisualStudioVersion = 16.0.30104.148
MinimumVisualStudioVersion = 10.0.40219.1
Project("{9A19103F-16F7-4668-BE54-9A1E7A4F7556}") = "Catalog.API", "Catalog.API\Catalog.API.csproj", "{8F96ECBB-214C-4ED0-906F-49B3A43A2DB9}"
EndProject
Project("{9A19103F-16F7-4668-BE54-9A1E7A4F7556}") = "Basket.API", "Basket.API\Basket.API.csproj", "{392116FD-2B29-424D-8662-A36D9CDC9473}"
EndProject
Project("{2150E333-8FDC-42A3-9474-1A3956D46DE8}") = "BuildingBlocks", "BuildingBlocks", "{10890865-CD0C-4AB0-8C57-0AFC9357CF94}"
EndProject
Project("{9A19103F-16F7-4668-BE54-9A1E7A4F7556}") = "EventBus", "EventBus\EventBus.csproj", "{71491E73-BA62-4A9F-825D-D1AB05D770B0}"
EndProject
Project("{9A19103F-16F7-4668-BE54-9A1E7A4F7556}") = "EventBusRabbitMQ", "EventBusRabbitMQ\EventBusRabbitMQ.csproj", "{B938A44B-C408-4ABF-9E31-770C83DBE09C}"
EndProject
Project("{FAE04EC0-301F-11D3-BF4B-00C04F79EFBC}") = "RabbitConsoleApp", "RabbitConsoleApp\RabbitConsoleApp.csproj", "{3F2051AE-5636-412A-9EB3-30332251102D}"
EndProject
Global
	GlobalSection(SolutionConfigurationPlatforms) = preSolution
		Debug|Any CPU = Debug|Any CPU
		Release|Any CPU = Release|Any CPU
	EndGlobalSection
	GlobalSection(ProjectConfigurationPlatforms) = postSolution
		{8F96ECBB-214C-4ED0-906F-49B3A43A2DB9}.Debug|Any CPU.ActiveCfg = Debug|Any CPU
		{8F96ECBB-214C-4ED0-906F-49B3A43A2DB9}.Debug|Any CPU.Build.0 = Debug|Any CPU
		{8F96ECBB-214C-4ED0-906F-49B3A43A2DB9}.Release|Any CPU.ActiveCfg = Release|Any CPU
		{8F96ECBB-214C-4ED0-906F-49B3A43A2DB9}.Release|Any CPU.Build.0 = Release|Any CPU
		{392116FD-2B29-424D-8662-A36D9CDC9473}.Debug|Any CPU.ActiveCfg = Debug|Any CPU
		{392116FD-2B29-424D-8662-A36D9CDC9473}.Debug|Any CPU.Build.0 = Debug|Any CPU
		{392116FD-2B29-424D-8662-A36D9CDC9473}.Release|Any CPU.ActiveCfg = Release|Any CPU
		{392116FD-2B29-424D-8662-A36D9CDC9473}.Release|Any CPU.Build.0 = Release|Any CPU
		{71491E73-BA62-4A9F-825D-D1AB05D770B0}.Debug|Any CPU.ActiveCfg = Debug|Any CPU
		{71491E73-BA62-4A9F-825D-D1AB05D770B0}.Debug|Any CPU.Build.0 = Debug|Any CPU
		{71491E73-BA62-4A9F-825D-D1AB05D770B0}.Release|Any CPU.ActiveCfg = Release|Any CPU
		{71491E73-BA62-4A9F-825D-D1AB05D770B0}.Release|Any CPU.Build.0 = Release|Any CPU
		{B938A44B-C408-4ABF-9E31-770C83DBE09C}.Debug|Any CPU.ActiveCfg = Debug|Any CPU
		{B938A44B-C408-4ABF-9E31-770C83DBE09C}.Debug|Any CPU.Build.0 = Debug|Any CPU
		{B938A44B-C408-4ABF-9E31-770C83DBE09C}.Release|Any CPU.ActiveCfg = Release|Any CPU
		{B938A44B-C408-4ABF-9E31-770C83DBE09C}.Release|Any CPU.Build.0 = Release|Any CPU
		{3F2051AE-5636-412A-9EB3-30332251102D}.Debug|Any CPU.ActiveCfg = Debug|Any CPU
		{3F2051AE-5636-412A-9EB3-30332251102D}.Debug|Any CPU.Build.0 = Debug|Any CPU
		{3F2051AE-5636-412A-9EB3-30332251102D}.Release|Any CPU.ActiveCfg = Release|Any CPU
		{3F2051AE-5636-412A-9EB3-30332251102D}.Release|Any CPU.Build.0 = Release|Any CPU
	EndGlobalSection
	GlobalSection(SolutionProperties) = preSolution
		HideSolutionNode = FALSE
	EndGlobalSection
	GlobalSection(NestedProjects) = preSolution
		{71491E73-BA62-4A9F-825D-D1AB05D770B0} = {10890865-CD0C-4AB0-8C57-0AFC9357CF94}
		{B938A44B-C408-4ABF-9E31-770C83DBE09C} = {10890865-CD0C-4AB0-8C57-0AFC9357CF94}
	EndGlobalSection
	GlobalSection(ExtensibilityGlobals) = postSolution
		SolutionGuid = {A8EC4C8E-1016-4759-BA2E-4599C9AC9D44}
	EndGlobalSection
EndGlobal
